
Microsoft Visual Studio Solution File, Format Version 12.00
# Visual Studio Version 16
VisualStudioVersion = 16.0.31129.286
MinimumVisualStudioVersion = 10.0.40219.1
Project("{FAE04EC0-301F-11D3-BF4B-00C04F79EFBC}") = "Home Office Solutions", "Home Office Solutions\Home Office Solutions.csproj", "{36A4DE21-1240-4227-8457-B9C3B31DBF0E}"
EndProject
Global
	GlobalSection(SolutionConfigurationPlatforms) = preSolution
		Debug|Any CPU = Debug|Any CPU
		Release|Any CPU = Release|Any CPU
	EndGlobalSection
	GlobalSection(ProjectConfigurationPlatforms) = postSolution
		{36A4DE21-1240-4227-8457-B9C3B31DBF0E}.Debug|Any CPU.ActiveCfg = Debug|Any CPU
		{36A4DE21-1240-4227-8457-B9C3B31DBF0E}.Debug|Any CPU.Build.0 = Debug|Any CPU
		{36A4DE21-1240-4227-8457-B9C3B31DBF0E}.Release|Any CPU.ActiveCfg = Release|Any CPU
		{36A4DE21-1240-4227-8457-B9C3B31DBF0E}.Release|Any CPU.Build.0 = Release|Any CPU
	EndGlobalSection
	GlobalSection(SolutionProperties) = preSolution
		HideSolutionNode = FALSE
	EndGlobalSection
	GlobalSection(ExtensibilityGlobals) = postSolution
		SolutionGuid = {C19ED0BB-68AB-4297-BF0E-DB62AA955532}
	EndGlobalSection
EndGlobal
